
Microsoft Visual Studio Solution File, Format Version 12.00
# Visual Studio Version 16
VisualStudioVersion = 16.0.30907.101
MinimumVisualStudioVersion = 10.0.40219.1
Project("{FAE04EC0-301F-11D3-BF4B-00C04F79EFBC}") = "Hastane_Yönetim_Randevu_Projesi", "Hastane_Yönetim_Randevu_Projesi\Hastane_Yönetim_Randevu_Projesi.csproj", "{AF51D7AE-F4C1-4B47-BFF4-769E8313CFAC}"
EndProject
Global
	GlobalSection(SolutionConfigurationPlatforms) = preSolution
		Debug|Any CPU = Debug|Any CPU
		Release|Any CPU = Release|Any CPU
	EndGlobalSection
	GlobalSection(ProjectConfigurationPlatforms) = postSolution
		{AF51D7AE-F4C1-4B47-BFF4-769E8313CFAC}.Debug|Any CPU.ActiveCfg = Debug|Any CPU
		{AF51D7AE-F4C1-4B47-BFF4-769E8313CFAC}.Debug|Any CPU.Build.0 = Debug|Any CPU
		{AF51D7AE-F4C1-4B47-BFF4-769E8313CFAC}.Release|Any CPU.ActiveCfg = Release|Any CPU
		{AF51D7AE-F4C1-4B47-BFF4-769E8313CFAC}.Release|Any CPU.Build.0 = Release|Any CPU
	EndGlobalSection
	GlobalSection(SolutionProperties) = preSolution
		HideSolutionNode = FALSE
	EndGlobalSection
	GlobalSection(ExtensibilityGlobals) = postSolution
		SolutionGuid = {9FEF51B8-56B6-4F81-AB1D-BD4795FB3D77}
	EndGlobalSection
EndGlobal
